// !$*UTF8*$!
{
	archiveVersion = 1;
	classes = {
	};
	objectVersion = 46;
	objects = {

/* Begin PBXBuildFile section */
		0C704ABF1F39AF020078EFAD /* SettingTableViewController.swift in Sources */ = {isa = PBXBuildFile; fileRef = 0C704ABE1F39AF020078EFAD /* SettingTableViewController.swift */; };
		0CCB24BB1F45523300B96684 /* NotificationDelegate.swift in Sources */ = {isa = PBXBuildFile; fileRef = 0CCB24BA1F45523300B96684 /* NotificationDelegate.swift */; };
		0CCB24BD1F455D8B00B96684 /* WastedTableViewController.swift in Sources */ = {isa = PBXBuildFile; fileRef = 0CCB24BC1F455D8B00B96684 /* WastedTableViewController.swift */; };
		0CCB24BF1F45619300B96684 /* ExpenseTableViewCell.swift in Sources */ = {isa = PBXBuildFile; fileRef = 0CCB24BE1F45619300B96684 /* ExpenseTableViewCell.swift */; };
		0CCB24C31F4562D500B96684 /* WastedWastedTableViewCell.swift in Sources */ = {isa = PBXBuildFile; fileRef = 0CCB24C21F4562D500B96684 /* WastedWastedTableViewCell.swift */; };
		0CCB24C71F4579F700B96684 /* ListViewController.swift in Sources */ = {isa = PBXBuildFile; fileRef = 0CCB24C61F4579F700B96684 /* ListViewController.swift */; };
		141FD7251F4A9D550082DA6E /* minus.png in Resources */ = {isa = PBXBuildFile; fileRef = 141FD7231F4A9D550082DA6E /* minus.png */; };
		141FD7261F4A9D550082DA6E /* plus.png in Resources */ = {isa = PBXBuildFile; fileRef = 141FD7241F4A9D550082DA6E /* plus.png */; };
		141FD72E1F4AAEE50082DA6E /* 100.png in Resources */ = {isa = PBXBuildFile; fileRef = 141FD72D1F4AAEE50082DA6E /* 100.png */; };
		141FD73B1F4AB5A80082DA6E /* favoritesDefault.png in Resources */ = {isa = PBXBuildFile; fileRef = 141FD7371F4AB5A80082DA6E /* favoritesDefault.png */; };
		141FD73C1F4AB5A80082DA6E /* fileDefault.png in Resources */ = {isa = PBXBuildFile; fileRef = 141FD7381F4AB5A80082DA6E /* fileDefault.png */; };
		141FD73D1F4AB5A80082DA6E /* homeDefault.png in Resources */ = {isa = PBXBuildFile; fileRef = 141FD7391F4AB5A80082DA6E /* homeDefault.png */; };
		141FD73E1F4AB5A80082DA6E /* settingsDefault.png in Resources */ = {isa = PBXBuildFile; fileRef = 141FD73A1F4AB5A80082DA6E /* settingsDefault.png */; };
		141FD7401F4AB8CE0082DA6E /* 2star.png in Resources */ = {isa = PBXBuildFile; fileRef = 141FD73F1F4AB8CE0082DA6E /* 2star.png */; };
		1452D0F01F44361D00D2BB7B /* WIshTopLayoutCell.swift in Sources */ = {isa = PBXBuildFile; fileRef = 1452D0EF1F44361D00D2BB7B /* WIshTopLayoutCell.swift */; };
		1452D0F21F44362900D2BB7B /* WishlistTableViewController.swift in Sources */ = {isa = PBXBuildFile; fileRef = 1452D0F11F44362900D2BB7B /* WishlistTableViewController.swift */; };
		1452D0F41F44363600D2BB7B /* WIshModalViewController.swift in Sources */ = {isa = PBXBuildFile; fileRef = 1452D0F31F44363600D2BB7B /* WIshModalViewController.swift */; };
		18A949181F41B72200B762B8 /* WholeMoneyViewController.swift in Sources */ = {isa = PBXBuildFile; fileRef = 18A949171F41B72200B762B8 /* WholeMoneyViewController.swift */; };
		18B17EF21F40A9ED0029933E /* IncomeViewController.swift in Sources */ = {isa = PBXBuildFile; fileRef = 18B17EF11F40A9ED0029933E /* IncomeViewController.swift */; };
		18B17EF41F40AE440029933E /* ExpenseViewController.swift in Sources */ = {isa = PBXBuildFile; fileRef = 18B17EF31F40AE440029933E /* ExpenseViewController.swift */; };
		18B17EFA1F40B1D60029933E /* InitiateViewController.swift in Sources */ = {isa = PBXBuildFile; fileRef = 18B17EF91F40B1D60029933E /* InitiateViewController.swift */; };
		18C8EF431F45BB900078DC72 /* 0.png in Resources */ = {isa = PBXBuildFile; fileRef = 18C8EF381F45BB900078DC72 /* 0.png */; };
		18C8EF441F45BB900078DC72 /* 0stars.png in Resources */ = {isa = PBXBuildFile; fileRef = 18C8EF391F45BB900078DC72 /* 0stars.png */; };
		18C8EF451F45BB900078DC72 /* 1stars.png in Resources */ = {isa = PBXBuildFile; fileRef = 18C8EF3A1F45BB900078DC72 /* 1stars.png */; };
		18C8EF461F45BB900078DC72 /* 2stars.png in Resources */ = {isa = PBXBuildFile; fileRef = 18C8EF3B1F45BB900078DC72 /* 2stars.png */; };
		18C8EF471F45BB900078DC72 /* 3stars.png in Resources */ = {isa = PBXBuildFile; fileRef = 18C8EF3C1F45BB900078DC72 /* 3stars.png */; };
		18C8EF481F45BB900078DC72 /* 4stars.png in Resources */ = {isa = PBXBuildFile; fileRef = 18C8EF3D1F45BB900078DC72 /* 4stars.png */; };
		18C8EF491F45BB900078DC72 /* 5stars.png in Resources */ = {isa = PBXBuildFile; fileRef = 18C8EF3E1F45BB900078DC72 /* 5stars.png */; };
		18C8EF4A1F45BB900078DC72 /* 25.png in Resources */ = {isa = PBXBuildFile; fileRef = 18C8EF3F1F45BB900078DC72 /* 25.png */; };
		18C8EF4B1F45BB900078DC72 /* 50.png in Resources */ = {isa = PBXBuildFile; fileRef = 18C8EF401F45BB900078DC72 /* 50.png */; };
		18C8EF4C1F45BB900078DC72 /* 75.png in Resources */ = {isa = PBXBuildFile; fileRef = 18C8EF411F45BB900078DC72 /* 75.png */; };
		18CA4E2B1F442A8E00BB65AB /* 100-2 (1).png in Resources */ = {isa = PBXBuildFile; fileRef = 18CA4E2A1F442A8E00BB65AB /* 100-2 (1).png */; };
		18D64B3D1F3AD09F002F7139 /* icon_stroke_add_normal.png in Resources */ = {isa = PBXBuildFile; fileRef = 18D64B3C1F3AD09F002F7139 /* icon_stroke_add_normal.png */; };
		18D64B3F1F3AD0AE002F7139 /* icon_stroke_cancel_normal.png in Resources */ = {isa = PBXBuildFile; fileRef = 18D64B3E1F3AD0AE002F7139 /* icon_stroke_cancel_normal.png */; };
		18D64B411F3AD0BF002F7139 /* icon_stroke_check_normal.png in Resources */ = {isa = PBXBuildFile; fileRef = 18D64B401F3AD0BF002F7139 /* icon_stroke_check_normal.png */; };
		18D64B431F3AD0CB002F7139 /* icon_stroke_edit_normal.png in Resources */ = {isa = PBXBuildFile; fileRef = 18D64B421F3AD0CB002F7139 /* icon_stroke_edit_normal.png */; };
		18D64B451F3AD4F4002F7139 /* icon_stroke_erase_normal.png in Resources */ = {isa = PBXBuildFile; fileRef = 18D64B441F3AD4F4002F7139 /* icon_stroke_erase_normal.png */; };
		18D64B471F3AD833002F7139 /* HomeStar.png in Resources */ = {isa = PBXBuildFile; fileRef = 18D64B461F3AD833002F7139 /* HomeStar.png */; };
		18D64B491F3AD9C6002F7139 /* check_off.png in Resources */ = {isa = PBXBuildFile; fileRef = 18D64B481F3AD9C6002F7139 /* check_off.png */; };
		18D64B4B1F3AD9CC002F7139 /* check_on.png in Resources */ = {isa = PBXBuildFile; fileRef = 18D64B4A1F3AD9CC002F7139 /* check_on.png */; };
		18D64B4D1F3AD9E0002F7139 /* favorites.png in Resources */ = {isa = PBXBuildFile; fileRef = 18D64B4C1F3AD9E0002F7139 /* favorites.png */; };
		1C3612301F3D895400562260 /* WishTableViewCell.swift in Sources */ = {isa = PBXBuildFile; fileRef = 1C36122F1F3D895400562260 /* WishTableViewCell.swift */; };
		1CB94A0B1F31C6D600E36261 /* AppDelegate.swift in Sources */ = {isa = PBXBuildFile; fileRef = 1CB94A0A1F31C6D600E36261 /* AppDelegate.swift */; };
		1CB94A0D1F31C6D600E36261 /* ViewController.swift in Sources */ = {isa = PBXBuildFile; fileRef = 1CB94A0C1F31C6D600E36261 /* ViewController.swift */; };
		1CB94A101F31C6D600E36261 /* Main.storyboard in Resources */ = {isa = PBXBuildFile; fileRef = 1CB94A0E1F31C6D600E36261 /* Main.storyboard */; };
		1CB94A121F31C6D700E36261 /* Assets.xcassets in Resources */ = {isa = PBXBuildFile; fileRef = 1CB94A111F31C6D700E36261 /* Assets.xcassets */; };
		1CB94A151F31C6D700E36261 /* LaunchScreen.storyboard in Resources */ = {isa = PBXBuildFile; fileRef = 1CB94A131F31C6D700E36261 /* LaunchScreen.storyboard */; };
		57E9582E26036D8F25E795B9 /* Pods_prototype.framework in Frameworks */ = {isa = PBXBuildFile; fileRef = 3BE0F39B68FCF873B0892EA2 /* Pods_prototype.framework */; };
		AD3D01141F3AFF4600F03A8C /* ListTableViewController.swift in Sources */ = {isa = PBXBuildFile; fileRef = AD3D01131F3AFF4600F03A8C /* ListTableViewController.swift */; };
/* End PBXBuildFile section */

/* Begin PBXFileReference section */
		0C704ABE1F39AF020078EFAD /* SettingTableViewController.swift */ = {isa = PBXFileReference; fileEncoding = 4; lastKnownFileType = sourcecode.swift; path = SettingTableViewController.swift; sourceTree = "<group>"; };
		0CCB24BA1F45523300B96684 /* NotificationDelegate.swift */ = {isa = PBXFileReference; fileEncoding = 4; lastKnownFileType = sourcecode.swift; path = NotificationDelegate.swift; sourceTree = "<group>"; };
		0CCB24BC1F455D8B00B96684 /* WastedTableViewController.swift */ = {isa = PBXFileReference; fileEncoding = 4; lastKnownFileType = sourcecode.swift; path = WastedTableViewController.swift; sourceTree = "<group>"; };
		0CCB24BE1F45619300B96684 /* ExpenseTableViewCell.swift */ = {isa = PBXFileReference; fileEncoding = 4; lastKnownFileType = sourcecode.swift; path = ExpenseTableViewCell.swift; sourceTree = "<group>"; };
		0CCB24C21F4562D500B96684 /* WastedWastedTableViewCell.swift */ = {isa = PBXFileReference; fileEncoding = 4; lastKnownFileType = sourcecode.swift; path = WastedWastedTableViewCell.swift; sourceTree = "<group>"; };
		0CCB24C61F4579F700B96684 /* ListViewController.swift */ = {isa = PBXFileReference; fileEncoding = 4; lastKnownFileType = sourcecode.swift; path = ListViewController.swift; sourceTree = "<group>"; };
		141FD7231F4A9D550082DA6E /* minus.png */ = {isa = PBXFileReference; lastKnownFileType = image.png; path = minus.png; sourceTree = "<group>"; };
		141FD7241F4A9D550082DA6E /* plus.png */ = {isa = PBXFileReference; lastKnownFileType = image.png; path = plus.png; sourceTree = "<group>"; };
		141FD72D1F4AAEE50082DA6E /* 100.png */ = {isa = PBXFileReference; lastKnownFileType = image.png; path = 100.png; sourceTree = "<group>"; };
		141FD7371F4AB5A80082DA6E /* favoritesDefault.png */ = {isa = PBXFileReference; lastKnownFileType = image.png; path = favoritesDefault.png; sourceTree = "<group>"; };
		141FD7381F4AB5A80082DA6E /* fileDefault.png */ = {isa = PBXFileReference; lastKnownFileType = image.png; path = fileDefault.png; sourceTree = "<group>"; };
		141FD7391F4AB5A80082DA6E /* homeDefault.png */ = {isa = PBXFileReference; lastKnownFileType = image.png; path = homeDefault.png; sourceTree = "<group>"; };
		141FD73A1F4AB5A80082DA6E /* settingsDefault.png */ = {isa = PBXFileReference; lastKnownFileType = image.png; path = settingsDefault.png; sourceTree = "<group>"; };
		141FD73F1F4AB8CE0082DA6E /* 2star.png */ = {isa = PBXFileReference; lastKnownFileType = image.png; path = 2star.png; sourceTree = "<group>"; };
		1452D0EF1F44361D00D2BB7B /* WIshTopLayoutCell.swift */ = {isa = PBXFileReference; fileEncoding = 4; lastKnownFileType = sourcecode.swift; path = WIshTopLayoutCell.swift; sourceTree = "<group>"; };
		1452D0F11F44362900D2BB7B /* WishlistTableViewController.swift */ = {isa = PBXFileReference; fileEncoding = 4; lastKnownFileType = sourcecode.swift; path = WishlistTableViewController.swift; sourceTree = "<group>"; };
		1452D0F31F44363600D2BB7B /* WIshModalViewController.swift */ = {isa = PBXFileReference; fileEncoding = 4; lastKnownFileType = sourcecode.swift; path = WIshModalViewController.swift; sourceTree = "<group>"; };
		18A949171F41B72200B762B8 /* WholeMoneyViewController.swift */ = {isa = PBXFileReference; fileEncoding = 4; lastKnownFileType = sourcecode.swift; path = WholeMoneyViewController.swift; sourceTree = "<group>"; };
		18B17EF11F40A9ED0029933E /* IncomeViewController.swift */ = {isa = PBXFileReference; fileEncoding = 4; lastKnownFileType = sourcecode.swift; path = IncomeViewController.swift; sourceTree = "<group>"; };
		18B17EF31F40AE440029933E /* ExpenseViewController.swift */ = {isa = PBXFileReference; fileEncoding = 4; lastKnownFileType = sourcecode.swift; path = ExpenseViewController.swift; sourceTree = "<group>"; };
		18B17EF91F40B1D60029933E /* InitiateViewController.swift */ = {isa = PBXFileReference; fileEncoding = 4; lastKnownFileType = sourcecode.swift; path = InitiateViewController.swift; sourceTree = "<group>"; };
		18C8EF381F45BB900078DC72 /* 0.png */ = {isa = PBXFileReference; lastKnownFileType = image.png; path = 0.png; sourceTree = "<group>"; };
		18C8EF391F45BB900078DC72 /* 0stars.png */ = {isa = PBXFileReference; lastKnownFileType = image.png; path = 0stars.png; sourceTree = "<group>"; };
		18C8EF3A1F45BB900078DC72 /* 1stars.png */ = {isa = PBXFileReference; lastKnownFileType = image.png; path = 1stars.png; sourceTree = "<group>"; };
		18C8EF3B1F45BB900078DC72 /* 2stars.png */ = {isa = PBXFileReference; lastKnownFileType = image.png; path = 2stars.png; sourceTree = "<group>"; };
		18C8EF3C1F45BB900078DC72 /* 3stars.png */ = {isa = PBXFileReference; lastKnownFileType = image.png; path = 3stars.png; sourceTree = "<group>"; };
		18C8EF3D1F45BB900078DC72 /* 4stars.png */ = {isa = PBXFileReference; lastKnownFileType = image.png; path = 4stars.png; sourceTree = "<group>"; };
		18C8EF3E1F45BB900078DC72 /* 5stars.png */ = {isa = PBXFileReference; lastKnownFileType = image.png; path = 5stars.png; sourceTree = "<group>"; };
		18C8EF3F1F45BB900078DC72 /* 25.png */ = {isa = PBXFileReference; lastKnownFileType = image.png; path = 25.png; sourceTree = "<group>"; };
		18C8EF401F45BB900078DC72 /* 50.png */ = {isa = PBXFileReference; lastKnownFileType = image.png; path = 50.png; sourceTree = "<group>"; };
		18C8EF411F45BB900078DC72 /* 75.png */ = {isa = PBXFileReference; lastKnownFileType = image.png; path = 75.png; sourceTree = "<group>"; };
		18CA4E2A1F442A8E00BB65AB /* 100-2 (1).png */ = {isa = PBXFileReference; lastKnownFileType = image.png; path = "100-2 (1).png"; sourceTree = "<group>"; };
		18D64B3C1F3AD09F002F7139 /* icon_stroke_add_normal.png */ = {isa = PBXFileReference; lastKnownFileType = image.png; path = icon_stroke_add_normal.png; sourceTree = "<group>"; };
		18D64B3E1F3AD0AE002F7139 /* icon_stroke_cancel_normal.png */ = {isa = PBXFileReference; lastKnownFileType = image.png; path = icon_stroke_cancel_normal.png; sourceTree = "<group>"; };
		18D64B401F3AD0BF002F7139 /* icon_stroke_check_normal.png */ = {isa = PBXFileReference; lastKnownFileType = image.png; path = icon_stroke_check_normal.png; sourceTree = "<group>"; };
		18D64B421F3AD0CB002F7139 /* icon_stroke_edit_normal.png */ = {isa = PBXFileReference; lastKnownFileType = image.png; path = icon_stroke_edit_normal.png; sourceTree = "<group>"; };
		18D64B441F3AD4F4002F7139 /* icon_stroke_erase_normal.png */ = {isa = PBXFileReference; lastKnownFileType = image.png; path = icon_stroke_erase_normal.png; sourceTree = "<group>"; };
		18D64B461F3AD833002F7139 /* HomeStar.png */ = {isa = PBXFileReference; lastKnownFileType = image.png; path = HomeStar.png; sourceTree = "<group>"; };
		18D64B481F3AD9C6002F7139 /* check_off.png */ = {isa = PBXFileReference; lastKnownFileType = image.png; path = check_off.png; sourceTree = "<group>"; };
		18D64B4A1F3AD9CC002F7139 /* check_on.png */ = {isa = PBXFileReference; lastKnownFileType = image.png; path = check_on.png; sourceTree = "<group>"; };
		18D64B4C1F3AD9E0002F7139 /* favorites.png */ = {isa = PBXFileReference; lastKnownFileType = image.png; path = favorites.png; sourceTree = "<group>"; };
		1C36122F1F3D895400562260 /* WishTableViewCell.swift */ = {isa = PBXFileReference; fileEncoding = 4; lastKnownFileType = sourcecode.swift; path = WishTableViewCell.swift; sourceTree = "<group>"; };
		1CB94A071F31C6D600E36261 /* prototype.app */ = {isa = PBXFileReference; explicitFileType = wrapper.application; includeInIndex = 0; path = prototype.app; sourceTree = BUILT_PRODUCTS_DIR; };
		1CB94A0A1F31C6D600E36261 /* AppDelegate.swift */ = {isa = PBXFileReference; lastKnownFileType = sourcecode.swift; path = AppDelegate.swift; sourceTree = "<group>"; };
		1CB94A0C1F31C6D600E36261 /* ViewController.swift */ = {isa = PBXFileReference; lastKnownFileType = sourcecode.swift; path = ViewController.swift; sourceTree = "<group>"; };
		1CB94A0F1F31C6D600E36261 /* Base */ = {isa = PBXFileReference; lastKnownFileType = file.storyboard; name = Base; path = Base.lproj/Main.storyboard; sourceTree = "<group>"; };
		1CB94A111F31C6D700E36261 /* Assets.xcassets */ = {isa = PBXFileReference; lastKnownFileType = folder.assetcatalog; path = Assets.xcassets; sourceTree = "<group>"; };
		1CB94A141F31C6D700E36261 /* Base */ = {isa = PBXFileReference; lastKnownFileType = file.storyboard; name = Base; path = Base.lproj/LaunchScreen.storyboard; sourceTree = "<group>"; };
		1CB94A161F31C6D700E36261 /* Info.plist */ = {isa = PBXFileReference; lastKnownFileType = text.plist.xml; path = Info.plist; sourceTree = "<group>"; };
		3BE0F39B68FCF873B0892EA2 /* Pods_prototype.framework */ = {isa = PBXFileReference; explicitFileType = wrapper.framework; includeInIndex = 0; path = Pods_prototype.framework; sourceTree = BUILT_PRODUCTS_DIR; };
		AD3D01131F3AFF4600F03A8C /* ListTableViewController.swift */ = {isa = PBXFileReference; fileEncoding = 4; lastKnownFileType = sourcecode.swift; path = ListTableViewController.swift; sourceTree = "<group>"; };
		B6D2D93FCF6B92C40FC7AA5A /* Pods-prototype.release.xcconfig */ = {isa = PBXFileReference; includeInIndex = 1; lastKnownFileType = text.xcconfig; name = "Pods-prototype.release.xcconfig"; path = "Pods/Target Support Files/Pods-prototype/Pods-prototype.release.xcconfig"; sourceTree = "<group>"; };
		DAD584D66533ED7918A7C124 /* Pods-prototype.debug.xcconfig */ = {isa = PBXFileReference; includeInIndex = 1; lastKnownFileType = text.xcconfig; name = "Pods-prototype.debug.xcconfig"; path = "Pods/Target Support Files/Pods-prototype/Pods-prototype.debug.xcconfig"; sourceTree = "<group>"; };
/* End PBXFileReference section */

/* Begin PBXFrameworksBuildPhase section */
		1CB94A041F31C6D600E36261 /* Frameworks */ = {
			isa = PBXFrameworksBuildPhase;
			buildActionMask = 2147483647;
			files = (
				57E9582E26036D8F25E795B9 /* Pods_prototype.framework in Frameworks */,
			);
			runOnlyForDeploymentPostprocessing = 0;
		};
/* End PBXFrameworksBuildPhase section */

/* Begin PBXGroup section */
		1CB949FE1F31C6D600E36261 = {
			isa = PBXGroup;
			children = (
				18C8EF381F45BB900078DC72 /* 0.png */,
				18C8EF391F45BB900078DC72 /* 0stars.png */,
				18C8EF3A1F45BB900078DC72 /* 1stars.png */,
				18C8EF3B1F45BB900078DC72 /* 2stars.png */,
				18C8EF3C1F45BB900078DC72 /* 3stars.png */,
				18C8EF3D1F45BB900078DC72 /* 4stars.png */,
				18C8EF3E1F45BB900078DC72 /* 5stars.png */,
				18C8EF3F1F45BB900078DC72 /* 25.png */,
				18C8EF401F45BB900078DC72 /* 50.png */,
				18C8EF411F45BB900078DC72 /* 75.png */,
				141FD72D1F4AAEE50082DA6E /* 100.png */,
				18CA4E2A1F442A8E00BB65AB /* 100-2 (1).png */,
				18D64B4C1F3AD9E0002F7139 /* favorites.png */,
				141FD7231F4A9D550082DA6E /* minus.png */,
				141FD7241F4A9D550082DA6E /* plus.png */,
				18D64B4A1F3AD9CC002F7139 /* check_on.png */,
				18D64B481F3AD9C6002F7139 /* check_off.png */,
				18D64B461F3AD833002F7139 /* HomeStar.png */,
				18D64B441F3AD4F4002F7139 /* icon_stroke_erase_normal.png */,
				18D64B421F3AD0CB002F7139 /* icon_stroke_edit_normal.png */,
				18D64B401F3AD0BF002F7139 /* icon_stroke_check_normal.png */,
				141FD73F1F4AB8CE0082DA6E /* 2star.png */,
				141FD7371F4AB5A80082DA6E /* favoritesDefault.png */,
				141FD7381F4AB5A80082DA6E /* fileDefault.png */,
				141FD7391F4AB5A80082DA6E /* homeDefault.png */,
				141FD73A1F4AB5A80082DA6E /* settingsDefault.png */,
				18D64B3E1F3AD0AE002F7139 /* icon_stroke_cancel_normal.png */,
				18D64B3C1F3AD09F002F7139 /* icon_stroke_add_normal.png */,
				1CB94A091F31C6D600E36261 /* prototype */,
				1CB94A081F31C6D600E36261 /* Products */,
				E9DA3AF674E6F92765118EB0 /* Pods */,
				40DE6D2181AE5A8E15CE744B /* Frameworks */,
			);
			sourceTree = "<group>";
		};
		1CB94A081F31C6D600E36261 /* Products */ = {
			isa = PBXGroup;
			children = (
				1CB94A071F31C6D600E36261 /* prototype.app */,
			);
			name = Products;
			sourceTree = "<group>";
		};
		1CB94A091F31C6D600E36261 /* prototype */ = {
			isa = PBXGroup;
			children = (
				1CB94A0A1F31C6D600E36261 /* AppDelegate.swift */,
				1CB94A0C1F31C6D600E36261 /* ViewController.swift */,
				0CCB24BA1F45523300B96684 /* NotificationDelegate.swift */,
				1CB94A0E1F31C6D600E36261 /* Main.storyboard */,
				0CCB24BE1F45619300B96684 /* ExpenseTableViewCell.swift */,
				0CCB24C21F4562D500B96684 /* WastedWastedTableViewCell.swift */,
				0CCB24BC1F455D8B00B96684 /* WastedTableViewController.swift */,
				AD3D01131F3AFF4600F03A8C /* ListTableViewController.swift */,
				1452D0F11F44362900D2BB7B /* WishlistTableViewController.swift */,
				1452D0F31F44363600D2BB7B /* WIshModalViewController.swift */,
				1452D0EF1F44361D00D2BB7B /* WIshTopLayoutCell.swift */,
				1C36122F1F3D895400562260 /* WishTableViewCell.swift */,
				18B17EF31F40AE440029933E /* ExpenseViewController.swift */,
				0C704ABE1F39AF020078EFAD /* SettingTableViewController.swift */,
				18B17EF91F40B1D60029933E /* InitiateViewController.swift */,
				18A949171F41B72200B762B8 /* WholeMoneyViewController.swift */,
				18B17EF11F40A9ED0029933E /* IncomeViewController.swift */,
				1CB94A111F31C6D700E36261 /* Assets.xcassets */,
				1CB94A131F31C6D700E36261 /* LaunchScreen.storyboard */,
				1CB94A161F31C6D700E36261 /* Info.plist */,
				0CCB24C61F4579F700B96684 /* ListViewController.swift */,
			);
			path = prototype;
			sourceTree = "<group>";
		};
		40DE6D2181AE5A8E15CE744B /* Frameworks */ = {
			isa = PBXGroup;
			children = (
				3BE0F39B68FCF873B0892EA2 /* Pods_prototype.framework */,
			);
			name = Frameworks;
			sourceTree = "<group>";
		};
		E9DA3AF674E6F92765118EB0 /* Pods */ = {
			isa = PBXGroup;
			children = (
				DAD584D66533ED7918A7C124 /* Pods-prototype.debug.xcconfig */,
				B6D2D93FCF6B92C40FC7AA5A /* Pods-prototype.release.xcconfig */,
			);
			name = Pods;
			sourceTree = "<group>";
		};
/* End PBXGroup section */

/* Begin PBXNativeTarget section */
		1CB94A061F31C6D600E36261 /* prototype */ = {
			isa = PBXNativeTarget;
			buildConfigurationList = 1CB94A191F31C6D700E36261 /* Build configuration list for PBXNativeTarget "prototype" */;
			buildPhases = (
				1665E03AFD153EAA81D72F69 /* [CP] Check Pods Manifest.lock */,
				1CB94A031F31C6D600E36261 /* Sources */,
				1CB94A041F31C6D600E36261 /* Frameworks */,
				1CB94A051F31C6D600E36261 /* Resources */,
				40E503D7702472F41115EFF9 /* [CP] Embed Pods Frameworks */,
				15F52CF67145EAA3E60F54FE /* [CP] Copy Pods Resources */,
			);
			buildRules = (
			);
			dependencies = (
			);
			name = prototype;
			productName = prototype;
			productReference = 1CB94A071F31C6D600E36261 /* prototype.app */;
			productType = "com.apple.product-type.application";
		};
/* End PBXNativeTarget section */

/* Begin PBXProject section */
		1CB949FF1F31C6D600E36261 /* Project object */ = {
			isa = PBXProject;
			attributes = {
				LastSwiftUpdateCheck = 0820;
				LastUpgradeCheck = 0820;
				ORGANIZATIONNAME = B612;
				TargetAttributes = {
					1CB94A061F31C6D600E36261 = {
						CreatedOnToolsVersion = 8.2.1;
						ProvisioningStyle = Automatic;
					};
				};
			};
			buildConfigurationList = 1CB94A021F31C6D600E36261 /* Build configuration list for PBXProject "prototype" */;
			compatibilityVersion = "Xcode 3.2";
			developmentRegion = English;
			hasScannedForEncodings = 0;
			knownRegions = (
				en,
				Base,
			);
			mainGroup = 1CB949FE1F31C6D600E36261;
			productRefGroup = 1CB94A081F31C6D600E36261 /* Products */;
			projectDirPath = "";
			projectRoot = "";
			targets = (
				1CB94A061F31C6D600E36261 /* prototype */,
			);
		};
/* End PBXProject section */

/* Begin PBXResourcesBuildPhase section */
		1CB94A051F31C6D600E36261 /* Resources */ = {
			isa = PBXResourcesBuildPhase;
			buildActionMask = 2147483647;
			files = (
				141FD72E1F4AAEE50082DA6E /* 100.png in Resources */,
				18D64B451F3AD4F4002F7139 /* icon_stroke_erase_normal.png in Resources */,
				1CB94A151F31C6D700E36261 /* LaunchScreen.storyboard in Resources */,
				18D64B3D1F3AD09F002F7139 /* icon_stroke_add_normal.png in Resources */,
				18D64B431F3AD0CB002F7139 /* icon_stroke_edit_normal.png in Resources */,
				141FD7401F4AB8CE0082DA6E /* 2star.png in Resources */,
				18D64B4B1F3AD9CC002F7139 /* check_on.png in Resources */,
				141FD73C1F4AB5A80082DA6E /* fileDefault.png in Resources */,
				141FD73B1F4AB5A80082DA6E /* favoritesDefault.png in Resources */,
				18C8EF481F45BB900078DC72 /* 4stars.png in Resources */,
				1CB94A121F31C6D700E36261 /* Assets.xcassets in Resources */,
				18CA4E2B1F442A8E00BB65AB /* 100-2 (1).png in Resources */,
				18C8EF441F45BB900078DC72 /* 0stars.png in Resources */,
				18D64B471F3AD833002F7139 /* HomeStar.png in Resources */,
				18C8EF4B1F45BB900078DC72 /* 50.png in Resources */,
				18C8EF471F45BB900078DC72 /* 3stars.png in Resources */,
				18C8EF491F45BB900078DC72 /* 5stars.png in Resources */,
				1CB94A101F31C6D600E36261 /* Main.storyboard in Resources */,
				18C8EF4A1F45BB900078DC72 /* 25.png in Resources */,
				18D64B491F3AD9C6002F7139 /* check_off.png in Resources */,
				141FD73D1F4AB5A80082DA6E /* homeDefault.png in Resources */,
				18C8EF451F45BB900078DC72 /* 1stars.png in Resources */,
				18C8EF4C1F45BB900078DC72 /* 75.png in Resources */,
				141FD7261F4A9D550082DA6E /* plus.png in Resources */,
				141FD73E1F4AB5A80082DA6E /* settingsDefault.png in Resources */,
				18C8EF431F45BB900078DC72 /* 0.png in Resources */,
				18D64B4D1F3AD9E0002F7139 /* favorites.png in Resources */,
				18D64B411F3AD0BF002F7139 /* icon_stroke_check_normal.png in Resources */,
				18C8EF461F45BB900078DC72 /* 2stars.png in Resources */,
				141FD7251F4A9D550082DA6E /* minus.png in Resources */,
				18D64B3F1F3AD0AE002F7139 /* icon_stroke_cancel_normal.png in Resources */,
			);
			runOnlyForDeploymentPostprocessing = 0;
		};
/* End PBXResourcesBuildPhase section */

/* Begin PBXShellScriptBuildPhase section */
		15F52CF67145EAA3E60F54FE /* [CP] Copy Pods Resources */ = {
			isa = PBXShellScriptBuildPhase;
			buildActionMask = 2147483647;
			files = (
			);
			inputPaths = (
			);
			name = "[CP] Copy Pods Resources";
			outputPaths = (
			);
			runOnlyForDeploymentPostprocessing = 0;
			shellPath = /bin/sh;
			shellScript = "\"${SRCROOT}/Pods/Target Support Files/Pods-prototype/Pods-prototype-resources.sh\"\n";
			showEnvVarsInLog = 0;
		};
		1665E03AFD153EAA81D72F69 /* [CP] Check Pods Manifest.lock */ = {
			isa = PBXShellScriptBuildPhase;
			buildActionMask = 2147483647;
			files = (
			);
			inputPaths = (
				"${PODS_PODFILE_DIR_PATH}/Podfile.lock",
				"${PODS_ROOT}/Manifest.lock",
			);
			name = "[CP] Check Pods Manifest.lock";
			outputPaths = (
				"$(DERIVED_FILE_DIR)/Pods-prototype-checkManifestLockResult.txt",
			);
			runOnlyForDeploymentPostprocessing = 0;
			shellPath = /bin/sh;
			shellScript = "diff \"${PODS_PODFILE_DIR_PATH}/Podfile.lock\" \"${PODS_ROOT}/Manifest.lock\" > /dev/null\nif [ $? != 0 ] ; then\n    # print error to STDERR\n    echo \"error: The sandbox is not in sync with the Podfile.lock. Run 'pod install' or update your CocoaPods installation.\" >&2\n    exit 1\nfi\n# This output is used by Xcode 'outputs' to avoid re-running this script phase.\necho \"SUCCESS\" > \"${SCRIPT_OUTPUT_FILE_0}\"\n";
			showEnvVarsInLog = 0;
		};
		40E503D7702472F41115EFF9 /* [CP] Embed Pods Frameworks */ = {
			isa = PBXShellScriptBuildPhase;
			buildActionMask = 2147483647;
			files = (
			);
			inputPaths = (
				"${SRCROOT}/Pods/Target Support Files/Pods-prototype/Pods-prototype-frameworks.sh",
				"${BUILT_PRODUCTS_DIR}/Realm/Realm.framework",
				"${BUILT_PRODUCTS_DIR}/RealmSwift/RealmSwift.framework",
			);
			name = "[CP] Embed Pods Frameworks";
			outputPaths = (
				"${TARGET_BUILD_DIR}/${FRAMEWORKS_FOLDER_PATH}/Realm.framework",
				"${TARGET_BUILD_DIR}/${FRAMEWORKS_FOLDER_PATH}/RealmSwift.framework",
			);
			runOnlyForDeploymentPostprocessing = 0;
			shellPath = /bin/sh;
			shellScript = "\"${SRCROOT}/Pods/Target Support Files/Pods-prototype/Pods-prototype-frameworks.sh\"\n";
			showEnvVarsInLog = 0;
		};
/* End PBXShellScriptBuildPhase section */

/* Begin PBXSourcesBuildPhase section */
		1CB94A031F31C6D600E36261 /* Sources */ = {
			isa = PBXSourcesBuildPhase;
			buildActionMask = 2147483647;
			files = (
				0CCB24BF1F45619300B96684 /* ExpenseTableViewCell.swift in Sources */,
				1452D0F21F44362900D2BB7B /* WishlistTableViewController.swift in Sources */,
				1C3612301F3D895400562260 /* WishTableViewCell.swift in Sources */,
				18A949181F41B72200B762B8 /* WholeMoneyViewController.swift in Sources */,
				0CCB24BD1F455D8B00B96684 /* WastedTableViewController.swift in Sources */,
				1CB94A0D1F31C6D600E36261 /* ViewController.swift in Sources */,
				18B17EFA1F40B1D60029933E /* InitiateViewController.swift in Sources */,
				18B17EF41F40AE440029933E /* ExpenseViewController.swift in Sources */,
				0CCB24C31F4562D500B96684 /* WastedWastedTableViewCell.swift in Sources */,
				AD3D01141F3AFF4600F03A8C /* ListTableViewController.swift in Sources */,
				1CB94A0B1F31C6D600E36261 /* AppDelegate.swift in Sources */,
				18B17EF21F40A9ED0029933E /* IncomeViewController.swift in Sources */,
				1452D0F41F44363600D2BB7B /* WIshModalViewController.swift in Sources */,
				0CCB24C71F4579F700B96684 /* ListViewController.swift in Sources */,
				0CCB24BB1F45523300B96684 /* NotificationDelegate.swift in Sources */,
				0C704ABF1F39AF020078EFAD /* SettingTableViewController.swift in Sources */,
				1452D0F01F44361D00D2BB7B /* WIshTopLayoutCell.swift in Sources */,
			);
			runOnlyForDeploymentPostprocessing = 0;
		};
/* End PBXSourcesBuildPhase section */

/* Begin PBXVariantGroup section */
		1CB94A0E1F31C6D600E36261 /* Main.storyboard */ = {
			isa = PBXVariantGroup;
			children = (
				1CB94A0F1F31C6D600E36261 /* Base */,
			);
			name = Main.storyboard;
			sourceTree = "<group>";
		};
		1CB94A131F31C6D700E36261 /* LaunchScreen.storyboard */ = {
			isa = PBXVariantGroup;
			children = (
				1CB94A141F31C6D700E36261 /* Base */,
			);
			name = LaunchScreen.storyboard;
			sourceTree = "<group>";
		};
/* End PBXVariantGroup section */

/* Begin XCBuildConfiguration section */
		1CB94A171F31C6D700E36261 /* Debug */ = {
			isa = XCBuildConfiguration;
			buildSettings = {
				ALWAYS_SEARCH_USER_PATHS = NO;
				CLANG_ANALYZER_NONNULL = YES;
				CLANG_CXX_LANGUAGE_STANDARD = "gnu++0x";
				CLANG_CXX_LIBRARY = "libc++";
				CLANG_ENABLE_MODULES = YES;
				CLANG_ENABLE_OBJC_ARC = YES;
				CLANG_WARN_BOOL_CONVERSION = YES;
				CLANG_WARN_CONSTANT_CONVERSION = YES;
				CLANG_WARN_DIRECT_OBJC_ISA_USAGE = YES_ERROR;
				CLANG_WARN_DOCUMENTATION_COMMENTS = YES;
				CLANG_WARN_EMPTY_BODY = YES;
				CLANG_WARN_ENUM_CONVERSION = YES;
				CLANG_WARN_INFINITE_RECURSION = YES;
				CLANG_WARN_INT_CONVERSION = YES;
				CLANG_WARN_OBJC_ROOT_CLASS = YES_ERROR;
				CLANG_WARN_SUSPICIOUS_MOVE = YES;
				CLANG_WARN_UNREACHABLE_CODE = YES;
				CLANG_WARN__DUPLICATE_METHOD_MATCH = YES;
				"CODE_SIGN_IDENTITY[sdk=iphoneos*]" = "iPhone Developer";
				COPY_PHASE_STRIP = NO;
				DEBUG_INFORMATION_FORMAT = dwarf;
				ENABLE_STRICT_OBJC_MSGSEND = YES;
				ENABLE_TESTABILITY = YES;
				GCC_C_LANGUAGE_STANDARD = gnu99;
				GCC_DYNAMIC_NO_PIC = NO;
				GCC_NO_COMMON_BLOCKS = YES;
				GCC_OPTIMIZATION_LEVEL = 0;
				GCC_PREPROCESSOR_DEFINITIONS = (
					"DEBUG=1",
					"$(inherited)",
				);
				GCC_WARN_64_TO_32_BIT_CONVERSION = YES;
				GCC_WARN_ABOUT_RETURN_TYPE = YES_ERROR;
				GCC_WARN_UNDECLARED_SELECTOR = YES;
				GCC_WARN_UNINITIALIZED_AUTOS = YES_AGGRESSIVE;
				GCC_WARN_UNUSED_FUNCTION = YES;
				GCC_WARN_UNUSED_VARIABLE = YES;
				IPHONEOS_DEPLOYMENT_TARGET = 10.2;
				MTL_ENABLE_DEBUG_INFO = YES;
				ONLY_ACTIVE_ARCH = YES;
				SDKROOT = iphoneos;
				SWIFT_ACTIVE_COMPILATION_CONDITIONS = DEBUG;
				SWIFT_OPTIMIZATION_LEVEL = "-Onone";
				TARGETED_DEVICE_FAMILY = "1,2";
			};
			name = Debug;
		};
		1CB94A181F31C6D700E36261 /* Release */ = {
			isa = XCBuildConfiguration;
			buildSettings = {
				ALWAYS_SEARCH_USER_PATHS = NO;
				CLANG_ANALYZER_NONNULL = YES;
				CLANG_CXX_LANGUAGE_STANDARD = "gnu++0x";
				CLANG_CXX_LIBRARY = "libc++";
				CLANG_ENABLE_MODULES = YES;
				CLANG_ENABLE_OBJC_ARC = YES;
				CLANG_WARN_BOOL_CONVERSION = YES;
				CLANG_WARN_CONSTANT_CONVERSION = YES;
				CLANG_WARN_DIRECT_OBJC_ISA_USAGE = YES_ERROR;
				CLANG_WARN_DOCUMENTATION_COMMENTS = YES;
				CLANG_WARN_EMPTY_BODY = YES;
				CLANG_WARN_ENUM_CONVERSION = YES;
				CLANG_WARN_INFINITE_RECURSION = YES;
				CLANG_WARN_INT_CONVERSION = YES;
				CLANG_WARN_OBJC_ROOT_CLASS = YES_ERROR;
				CLANG_WARN_SUSPICIOUS_MOVE = YES;
				CLANG_WARN_UNREACHABLE_CODE = YES;
				CLANG_WARN__DUPLICATE_METHOD_MATCH = YES;
				"CODE_SIGN_IDENTITY[sdk=iphoneos*]" = "iPhone Developer";
				COPY_PHASE_STRIP = NO;
				DEBUG_INFORMATION_FORMAT = "dwarf-with-dsym";
				ENABLE_NS_ASSERTIONS = NO;
				ENABLE_STRICT_OBJC_MSGSEND = YES;
				GCC_C_LANGUAGE_STANDARD = gnu99;
				GCC_NO_COMMON_BLOCKS = YES;
				GCC_WARN_64_TO_32_BIT_CONVERSION = YES;
				GCC_WARN_ABOUT_RETURN_TYPE = YES_ERROR;
				GCC_WARN_UNDECLARED_SELECTOR = YES;
				GCC_WARN_UNINITIALIZED_AUTOS = YES_AGGRESSIVE;
				GCC_WARN_UNUSED_FUNCTION = YES;
				GCC_WARN_UNUSED_VARIABLE = YES;
				IPHONEOS_DEPLOYMENT_TARGET = 10.2;
				MTL_ENABLE_DEBUG_INFO = NO;
				SDKROOT = iphoneos;
				SWIFT_OPTIMIZATION_LEVEL = "-Owholemodule";
				TARGETED_DEVICE_FAMILY = "1,2";
				VALIDATE_PRODUCT = YES;
			};
			name = Release;
		};
		1CB94A1A1F31C6D700E36261 /* Debug */ = {
			isa = XCBuildConfiguration;
			baseConfigurationReference = DAD584D66533ED7918A7C124 /* Pods-prototype.debug.xcconfig */;
			buildSettings = {
				ASSETCATALOG_COMPILER_APPICON_NAME = AppIcon;
				INFOPLIST_FILE = prototype/Info.plist;
				LD_RUNPATH_SEARCH_PATHS = "$(inherited) @executable_path/Frameworks";
				PRODUCT_BUNDLE_IDENTIFIER = com.B612.prototype;
				PRODUCT_NAME = "$(TARGET_NAME)";
				SWIFT_VERSION = 3.0;
			};
			name = Debug;
		};
		1CB94A1B1F31C6D700E36261 /* Release */ = {
			isa = XCBuildConfiguration;
			baseConfigurationReference = B6D2D93FCF6B92C40FC7AA5A /* Pods-prototype.release.xcconfig */;
			buildSettings = {
				ASSETCATALOG_COMPILER_APPICON_NAME = AppIcon;
				INFOPLIST_FILE = prototype/Info.plist;
				LD_RUNPATH_SEARCH_PATHS = "$(inherited) @executable_path/Frameworks";
				PRODUCT_BUNDLE_IDENTIFIER = com.B612.prototype;
				PRODUCT_NAME = "$(TARGET_NAME)";
				SWIFT_VERSION = 3.0;
			};
			name = Release;
		};
/* End XCBuildConfiguration section */

/* Begin XCConfigurationList section */
		1CB94A021F31C6D600E36261 /* Build configuration list for PBXProject "prototype" */ = {
			isa = XCConfigurationList;
			buildConfigurations = (
				1CB94A171F31C6D700E36261 /* Debug */,
				1CB94A181F31C6D700E36261 /* Release */,
			);
			defaultConfigurationIsVisible = 0;
			defaultConfigurationName = Release;
		};
		1CB94A191F31C6D700E36261 /* Build configuration list for PBXNativeTarget "prototype" */ = {
			isa = XCConfigurationList;
			buildConfigurations = (
				1CB94A1A1F31C6D700E36261 /* Debug */,
				1CB94A1B1F31C6D700E36261 /* Release */,
			);
			defaultConfigurationIsVisible = 0;
			defaultConfigurationName = Release;
		};
/* End XCConfigurationList section */
	};
	rootObject = 1CB949FF1F31C6D600E36261 /* Project object */;
}
